
Microsoft Visual Studio Solution File, Format Version 12.00
Project("{FAE04EC0-301F-11D3-BF4B-00C04F79EFBC}") = "authserver", "authserver\authserver.csproj", "{8B68E181-CC19-4477-9DB2-CE24DE174A69}"
EndProject
Project("{FAE04EC0-301F-11D3-BF4B-00C04F79EFBC}") = "resourceserver", "resourceserver\resourceserver.csproj", "{48798071-3A4B-46EA-97B0-9C3DEA0CF003}"
EndProject
Global
	GlobalSection(SolutionConfigurationPlatforms) = preSolution
		Debug|Any CPU = Debug|Any CPU
		Release|Any CPU = Release|Any CPU
	EndGlobalSection
	GlobalSection(ProjectConfigurationPlatforms) = postSolution
		{8B68E181-CC19-4477-9DB2-CE24DE174A69}.Debug|Any CPU.ActiveCfg = Debug|Any CPU
		{8B68E181-CC19-4477-9DB2-CE24DE174A69}.Debug|Any CPU.Build.0 = Debug|Any CPU
		{8B68E181-CC19-4477-9DB2-CE24DE174A69}.Release|Any CPU.ActiveCfg = Release|Any CPU
		{8B68E181-CC19-4477-9DB2-CE24DE174A69}.Release|Any CPU.Build.0 = Release|Any CPU
		{48798071-3A4B-46EA-97B0-9C3DEA0CF003}.Debug|Any CPU.ActiveCfg = Debug|Any CPU
		{48798071-3A4B-46EA-97B0-9C3DEA0CF003}.Debug|Any CPU.Build.0 = Debug|Any CPU
		{48798071-3A4B-46EA-97B0-9C3DEA0CF003}.Release|Any CPU.ActiveCfg = Release|Any CPU
		{48798071-3A4B-46EA-97B0-9C3DEA0CF003}.Release|Any CPU.Build.0 = Release|Any CPU
	EndGlobalSection
EndGlobal
